// !$*UTF8*$!
{
	archiveVersion = 1;
	classes = {
	};
	objectVersion = 48;
	objects = {

/* Begin PBXBuildFile section */
		FC40901D1F76A81F00DBA4F9 /* AppDelegate.swift in Sources */ = {isa = PBXBuildFile; fileRef = FC40901C1F76A81F00DBA4F9 /* AppDelegate.swift */; };
		FC40901F1F76A81F00DBA4F9 /* ViewController.swift in Sources */ = {isa = PBXBuildFile; fileRef = FC40901E1F76A81F00DBA4F9 /* ViewController.swift */; };
		FC4090221F76A81F00DBA4F9 /* Main.storyboard in Resources */ = {isa = PBXBuildFile; fileRef = FC4090201F76A81F00DBA4F9 /* Main.storyboard */; };
		FC4090241F76A81F00DBA4F9 /* Assets.xcassets in Resources */ = {isa = PBXBuildFile; fileRef = FC4090231F76A81F00DBA4F9 /* Assets.xcassets */; };
		FC4090271F76A81F00DBA4F9 /* LaunchScreen.storyboard in Resources */ = {isa = PBXBuildFile; fileRef = FC4090251F76A81F00DBA4F9 /* LaunchScreen.storyboard */; };
/* End PBXBuildFile section */

/* Begin PBXFileReference section */
		FC4090191F76A81F00DBA4F9 /* nfl_weekly_pickem.app */ = {isa = PBXFileReference; explicitFileType = wrapper.application; includeInIndex = 0; path = nfl_weekly_pickem.app; sourceTree = BUILT_PRODUCTS_DIR; };
		FC40901C1F76A81F00DBA4F9 /* AppDelegate.swift */ = {isa = PBXFileReference; lastKnownFileType = sourcecode.swift; path = AppDelegate.swift; sourceTree = "<group>"; };
		FC40901E1F76A81F00DBA4F9 /* ViewController.swift */ = {isa = PBXFileReference; lastKnownFileType = sourcecode.swift; path = ViewController.swift; sourceTree = "<group>"; };
		FC4090211F76A81F00DBA4F9 /* Base */ = {isa = PBXFileReference; lastKnownFileType = file.storyboard; name = Base; path = Base.lproj/Main.storyboard; sourceTree = "<group>"; };
		FC4090231F76A81F00DBA4F9 /* Assets.xcassets */ = {isa = PBXFileReference; lastKnownFileType = folder.assetcatalog; path = Assets.xcassets; sourceTree = "<group>"; };
		FC4090261F76A81F00DBA4F9 /* Base */ = {isa = PBXFileReference; lastKnownFileType = file.storyboard; name = Base; path = Base.lproj/LaunchScreen.storyboard; sourceTree = "<group>"; };
		FC4090281F76A81F00DBA4F9 /* Info.plist */ = {isa = PBXFileReference; lastKnownFileType = text.plist.xml; path = Info.plist; sourceTree = "<group>"; };
/* End PBXFileReference section */

/* Begin PBXFrameworksBuildPhase section */
		FC4090161F76A81F00DBA4F9 /* Frameworks */ = {
			isa = PBXFrameworksBuildPhase;
			buildActionMask = 2147483647;
			files = (
			);
			runOnlyForDeploymentPostprocessing = 0;
		};
/* End PBXFrameworksBuildPhase section */

/* Begin PBXGroup section */
		FC4090101F76A81F00DBA4F9 = {
			isa = PBXGroup;
			children = (
				FC40901B1F76A81F00DBA4F9 /* nfl_weekly_pickem */,
				FC40901A1F76A81F00DBA4F9 /* Products */,
			);
			sourceTree = "<group>";
		};
		FC40901A1F76A81F00DBA4F9 /* Products */ = {
			isa = PBXGroup;
			children = (
				FC4090191F76A81F00DBA4F9 /* nfl_weekly_pickem.app */,
			);
			name = Products;
			sourceTree = "<group>";
		};
		FC40901B1F76A81F00DBA4F9 /* nfl_weekly_pickem */ = {
			isa = PBXGroup;
			children = (
				FC40901C1F76A81F00DBA4F9 /* AppDelegate.swift */,
				FC40901E1F76A81F00DBA4F9 /* ViewController.swift */,
				FC4090201F76A81F00DBA4F9 /* Main.storyboard */,
				FC4090231F76A81F00DBA4F9 /* Assets.xcassets */,
				FC4090251F76A81F00DBA4F9 /* LaunchScreen.storyboard */,
				FC4090281F76A81F00DBA4F9 /* Info.plist */,
			);
			path = nfl_weekly_pickem;
			sourceTree = "<group>";
		};
/* End PBXGroup section */

/* Begin PBXNativeTarget section */
		FC4090181F76A81F00DBA4F9 /* nfl_weekly_pickem */ = {
			isa = PBXNativeTarget;
			buildConfigurationList = FC40902B1F76A81F00DBA4F9 /* Build configuration list for PBXNativeTarget "nfl_weekly_pickem" */;
			buildPhases = (
				FC4090151F76A81F00DBA4F9 /* Sources */,
				FC4090161F76A81F00DBA4F9 /* Frameworks */,
				FC4090171F76A81F00DBA4F9 /* Resources */,
			);
			buildRules = (
			);
			dependencies = (
			);
			name = nfl_weekly_pickem;
			productName = nfl_weekly_pickem;
			productReference = FC4090191F76A81F00DBA4F9 /* nfl_weekly_pickem.app */;
			productType = "com.apple.product-type.application";
		};
/* End PBXNativeTarget section */

/* Begin PBXProject section */
		FC4090111F76A81F00DBA4F9 /* Project object */ = {
			isa = PBXProject;
			attributes = {
				LastSwiftUpdateCheck = 0900;
				LastUpgradeCheck = 0900;
				ORGANIZATIONNAME = "Jonathan Cravotta";
				TargetAttributes = {
					FC4090181F76A81F00DBA4F9 = {
						CreatedOnToolsVersion = 9.0;
						ProvisioningStyle = Automatic;
					};
				};
			};
			buildConfigurationList = FC4090141F76A81F00DBA4F9 /* Build configuration list for PBXProject "nfl_weekly_pickem" */;
			compatibilityVersion = "Xcode 8.0";
			developmentRegion = en;
			hasScannedForEncodings = 0;
			knownRegions = (
				en,
				Base,
			);
			mainGroup = FC4090101F76A81F00DBA4F9;
			productRefGroup = FC40901A1F76A81F00DBA4F9 /* Products */;
			projectDirPath = "";
			projectRoot = "";
			targets = (
				FC4090181F76A81F00DBA4F9 /* nfl_weekly_pickem */,
			);
		};
/* End PBXProject section */

/* Begin PBXResourcesBuildPhase section */
		FC4090171F76A81F00DBA4F9 /* Resources */ = {
			isa = PBXResourcesBuildPhase;
			buildActionMask = 2147483647;
			files = (
				FC4090271F76A81F00DBA4F9 /* LaunchScreen.storyboard in Resources */,
				FC4090241F76A81F00DBA4F9 /* Assets.xcassets in Resources */,
				FC4090221F76A81F00DBA4F9 /* Main.storyboard in Resources */,
			);
			runOnlyForDeploymentPostprocessing = 0;
		};
/* End PBXResourcesBuildPhase section */

/* Begin PBXSourcesBuildPhase section */
		FC4090151F76A81F00DBA4F9 /* Sources */ = {
			isa = PBXSourcesBuildPhase;
			buildActionMask = 2147483647;
			files = (
				FC40901F1F76A81F00DBA4F9 /* ViewController.swift in Sources */,
				FC40901D1F76A81F00DBA4F9 /* AppDelegate.swift in Sources */,
			);
			runOnlyForDeploymentPostprocessing = 0;
		};
/* End PBXSourcesBuildPhase section */

/* Begin PBXVariantGroup section */
		FC4090201F76A81F00DBA4F9 /* Main.storyboard */ = {
			isa = PBXVariantGroup;
			children = (
				FC4090211F76A81F00DBA4F9 /* Base */,
			);
			name = Main.storyboard;
			sourceTree = "<group>";
		};
		FC4090251F76A81F00DBA4F9 /* LaunchScreen.storyboard */ = {
			isa = PBXVariantGroup;
			children = (
				FC4090261F76A81F00DBA4F9 /* Base */,
			);
			name = LaunchScreen.storyboard;
			sourceTree = "<group>";
		};
/* End PBXVariantGroup section */

/* Begin XCBuildConfiguration section */
		FC4090291F76A81F00DBA4F9 /* Debug */ = {
			isa = XCBuildConfiguration;
			buildSettings = {
				ALWAYS_SEARCH_USER_PATHS = NO;
				CLANG_ANALYZER_NONNULL = YES;
				CLANG_ANALYZER_NUMBER_OBJECT_CONVERSION = YES_AGGRESSIVE;
				CLANG_CXX_LANGUAGE_STANDARD = "gnu++14";
				CLANG_CXX_LIBRARY = "libc++";
				CLANG_ENABLE_MODULES = YES;
				CLANG_ENABLE_OBJC_ARC = YES;
				CLANG_WARN_BLOCK_CAPTURE_AUTORELEASING = YES;
				CLANG_WARN_BOOL_CONVERSION = YES;
				CLANG_WARN_COMMA = YES;
				CLANG_WARN_CONSTANT_CONVERSION = YES;
				CLANG_WARN_DIRECT_OBJC_ISA_USAGE = YES_ERROR;
				CLANG_WARN_DOCUMENTATION_COMMENTS = YES;
				CLANG_WARN_EMPTY_BODY = YES;
				CLANG_WARN_ENUM_CONVERSION = YES;
				CLANG_WARN_INFINITE_RECURSION = YES;
				CLANG_WARN_INT_CONVERSION = YES;
				CLANG_WARN_NON_LITERAL_NULL_CONVERSION = YES;
				CLANG_WARN_OBJC_LITERAL_CONVERSION = YES;
				CLANG_WARN_OBJC_ROOT_CLASS = YES_ERROR;
				CLANG_WARN_RANGE_LOOP_ANALYSIS = YES;
				CLANG_WARN_STRICT_PROTOTYPES = YES;
				CLANG_WARN_SUSPICIOUS_MOVE = YES;
				CLANG_WARN_UNGUARDED_AVAILABILITY = YES_AGGRESSIVE;
				CLANG_WARN_UNREACHABLE_CODE = YES;
				CLANG_WARN__DUPLICATE_METHOD_MATCH = YES;
				CODE_SIGN_IDENTITY = "iPhone Developer";
				COPY_PHASE_STRIP = NO;
				DEBUG_INFORMATION_FORMAT = dwarf;
				ENABLE_STRICT_OBJC_MSGSEND = YES;
				ENABLE_TESTABILITY = YES;
				GCC_C_LANGUAGE_STANDARD = gnu11;
				GCC_DYNAMIC_NO_PIC = NO;
				GCC_NO_COMMON_BLOCKS = YES;
				GCC_OPTIMIZATION_LEVEL = 0;
				GCC_PREPROCESSOR_DEFINITIONS = (
					"DEBUG=1",
					"$(inherited)",
				);
				GCC_WARN_64_TO_32_BIT_CONVERSION = YES;
				GCC_WARN_ABOUT_RETURN_TYPE = YES_ERROR;
				GCC_WARN_UNDECLARED_SELECTOR = YES;
				GCC_WARN_UNINITIALIZED_AUTOS = YES_AGGRESSIVE;
				GCC_WARN_UNUSED_FUNCTION = YES;
				GCC_WARN_UNUSED_VARIABLE = YES;
				IPHONEOS_DEPLOYMENT_TARGET = 11.0;
				MTL_ENABLE_DEBUG_INFO = YES;
				ONLY_ACTIVE_ARCH = YES;
				SDKROOT = iphoneos;
				SWIFT_ACTIVE_COMPILATION_CONDITIONS = DEBUG;
				SWIFT_OPTIMIZATION_LEVEL = "-Onone";
			};
			name = Debug;
		};
		FC40902A1F76A81F00DBA4F9 /* Release */ = {
			isa = XCBuildConfiguration;
			buildSettings = {
				ALWAYS_SEARCH_USER_PATHS = NO;
				CLANG_ANALYZER_NONNULL = YES;
				CLANG_ANALYZER_NUMBER_OBJECT_CONVERSION = YES_AGGRESSIVE;
				CLANG_CXX_LANGUAGE_STANDARD = "gnu++14";
				CLANG_CXX_LIBRARY = "libc++";
				CLANG_ENABLE_MODULES = YES;
				CLANG_ENABLE_OBJC_ARC = YES;
				CLANG_WARN_BLOCK_CAPTURE_AUTORELEASING = YES;
				CLANG_WARN_BOOL_CONVERSION = YES;
				CLANG_WARN_COMMA = YES;
				CLANG_WARN_CONSTANT_CONVERSION = YES;
				CLANG_WARN_DIRECT_OBJC_ISA_USAGE = YES_ERROR;
				CLANG_WARN_DOCUMENTATION_COMMENTS = YES;
				CLANG_WARN_EMPTY_BODY = YES;
				CLANG_WARN_ENUM_CONVERSION = YES;
				CLANG_WARN_INFINITE_RECURSION = YES;
				CLANG_WARN_INT_CONVERSION = YES;
				CLANG_WARN_NON_LITERAL_NULL_CONVERSION = YES;
				CLANG_WARN_OBJC_LITERAL_CONVERSION = YES;
				CLANG_WARN_OBJC_ROOT_CLASS = YES_ERROR;
				CLANG_WARN_RANGE_LOOP_ANALYSIS = YES;
				CLANG_WARN_STRICT_PROTOTYPES = YES;
				CLANG_WARN_SUSPICIOUS_MOVE = YES;
				CLANG_WARN_UNGUARDED_AVAILABILITY = YES_AGGRESSIVE;
				CLANG_WARN_UNREACHABLE_CODE = YES;
				CLANG_WARN__DUPLICATE_METHOD_MATCH = YES;
				CODE_SIGN_IDENTITY = "iPhone Developer";
				COPY_PHASE_STRIP = NO;
				DEBUG_INFORMATION_FORMAT = "dwarf-with-dsym";
				ENABLE_NS_ASSERTIONS = NO;
				ENABLE_STRICT_OBJC_MSGSEND = YES;
				GCC_C_LANGUAGE_STANDARD = gnu11;
				GCC_NO_COMMON_BLOCKS = YES;
				GCC_WARN_64_TO_32_BIT_CONVERSION = YES;
				GCC_WARN_ABOUT_RETURN_TYPE = YES_ERROR;
				GCC_WARN_UNDECLARED_SELECTOR = YES;
				GCC_WARN_UNINITIALIZED_AUTOS = YES_AGGRESSIVE;
				GCC_WARN_UNUSED_FUNCTION = YES;
				GCC_WARN_UNUSED_VARIABLE = YES;
				IPHONEOS_DEPLOYMENT_TARGET = 11.0;
				MTL_ENABLE_DEBUG_INFO = NO;
				SDKROOT = iphoneos;
				SWIFT_OPTIMIZATION_LEVEL = "-Owholemodule";
				VALIDATE_PRODUCT = YES;
			};
			name = Release;
		};
		FC40902C1F76A81F00DBA4F9 /* Debug */ = {
			isa = XCBuildConfiguration;
			buildSettings = {
				ASSETCATALOG_COMPILER_APPICON_NAME = AppIcon;
				CODE_SIGN_STYLE = Automatic;
				DEVELOPMENT_TEAM = MW3VV3UQR6;
				INFOPLIST_FILE = nfl_weekly_pickem/Info.plist;
				LD_RUNPATH_SEARCH_PATHS = "$(inherited) @executable_path/Frameworks";
				PRODUCT_BUNDLE_IDENTIFIER = "cleverbureau.nfl-weekly-pickem";
				PRODUCT_NAME = "$(TARGET_NAME)";
				SWIFT_VERSION = 4.0;
				TARGETED_DEVICE_FAMILY = "1,2";
			};
			name = Debug;
		};
		FC40902D1F76A81F00DBA4F9 /* Release */ = {
			isa = XCBuildConfiguration;
			buildSettings = {
				ASSETCATALOG_COMPILER_APPICON_NAME = AppIcon;
				CODE_SIGN_STYLE = Automatic;
				DEVELOPMENT_TEAM = MW3VV3UQR6;
				INFOPLIST_FILE = nfl_weekly_pickem/Info.plist;
				LD_RUNPATH_SEARCH_PATHS = "$(inherited) @executable_path/Frameworks";
				PRODUCT_BUNDLE_IDENTIFIER = "cleverbureau.nfl-weekly-pickem";
				PRODUCT_NAME = "$(TARGET_NAME)";
				SWIFT_VERSION = 4.0;
				TARGETED_DEVICE_FAMILY = "1,2";
			};
			name = Release;
		};
/* End XCBuildConfiguration section */

/* Begin XCConfigurationList section */
		FC4090141F76A81F00DBA4F9 /* Build configuration list for PBXProject "nfl_weekly_pickem" */ = {
			isa = XCConfigurationList;
			buildConfigurations = (
				FC4090291F76A81F00DBA4F9 /* Debug */,
				FC40902A1F76A81F00DBA4F9 /* Release */,
			);
			defaultConfigurationIsVisible = 0;
			defaultConfigurationName = Release;
		};
		FC40902B1F76A81F00DBA4F9 /* Build configuration list for PBXNativeTarget "nfl_weekly_pickem" */ = {
			isa = XCConfigurationList;
			buildConfigurations = (
				FC40902C1F76A81F00DBA4F9 /* Debug */,
				FC40902D1F76A81F00DBA4F9 /* Release */,
			);
			defaultConfigurationIsVisible = 0;
			defaultConfigurationName = Release;
		};
/* End XCConfigurationList section */
	};
	rootObject = FC4090111F76A81F00DBA4F9 /* Project object */;
}
