// !$*UTF8*$!
{
	archiveVersion = 1;
	classes = {
	};
	objectVersion = 48;
	objects = {

/* Begin PBXBuildFile section */
		25A0ACE5C11A7A43200F06F3 /* Pods_nfl_weekly_pickem.framework in Frameworks */ = {isa = PBXBuildFile; fileRef = 1A3A2165787DCC53C2D3346F /* Pods_nfl_weekly_pickem.framework */; };
		FC40901D1F76A81F00DBA4F9 /* AppDelegate.swift in Sources */ = {isa = PBXBuildFile; fileRef = FC40901C1F76A81F00DBA4F9 /* AppDelegate.swift */; };
		FC40901F1F76A81F00DBA4F9 /* ViewController.swift in Sources */ = {isa = PBXBuildFile; fileRef = FC40901E1F76A81F00DBA4F9 /* ViewController.swift */; };
		FC4090241F76A81F00DBA4F9 /* Assets.xcassets in Resources */ = {isa = PBXBuildFile; fileRef = FC4090231F76A81F00DBA4F9 /* Assets.xcassets */; };
		FC4090271F76A81F00DBA4F9 /* LaunchScreen.storyboard in Resources */ = {isa = PBXBuildFile; fileRef = FC4090251F76A81F00DBA4F9 /* LaunchScreen.storyboard */; };
		FC4090311F76A8F100DBA4F9 /* TabBarController.swift in Sources */ = {isa = PBXBuildFile; fileRef = FC4090301F76A8F100DBA4F9 /* TabBarController.swift */; };
		FC4090351F76AE2000DBA4F9 /* PickemViewController.swift in Sources */ = {isa = PBXBuildFile; fileRef = FC4090341F76AE2000DBA4F9 /* PickemViewController.swift */; };
/* End PBXBuildFile section */

/* Begin PBXFileReference section */
		1A3A2165787DCC53C2D3346F /* Pods_nfl_weekly_pickem.framework */ = {isa = PBXFileReference; explicitFileType = wrapper.framework; includeInIndex = 0; path = Pods_nfl_weekly_pickem.framework; sourceTree = BUILT_PRODUCTS_DIR; };
		32668112C5A0234B8752E22D /* Pods-nfl_weekly_pickem.debug.xcconfig */ = {isa = PBXFileReference; includeInIndex = 1; lastKnownFileType = text.xcconfig; name = "Pods-nfl_weekly_pickem.debug.xcconfig"; path = "Pods/Target Support Files/Pods-nfl_weekly_pickem/Pods-nfl_weekly_pickem.debug.xcconfig"; sourceTree = "<group>"; };
		F9541FAC9AD653EC0CCBFA18 /* Pods-nfl_weekly_pickem.release.xcconfig */ = {isa = PBXFileReference; includeInIndex = 1; lastKnownFileType = text.xcconfig; name = "Pods-nfl_weekly_pickem.release.xcconfig"; path = "Pods/Target Support Files/Pods-nfl_weekly_pickem/Pods-nfl_weekly_pickem.release.xcconfig"; sourceTree = "<group>"; };
		FC4090191F76A81F00DBA4F9 /* nfl_weekly_pickem.app */ = {isa = PBXFileReference; explicitFileType = wrapper.application; includeInIndex = 0; path = nfl_weekly_pickem.app; sourceTree = BUILT_PRODUCTS_DIR; };
		FC40901C1F76A81F00DBA4F9 /* AppDelegate.swift */ = {isa = PBXFileReference; lastKnownFileType = sourcecode.swift; path = AppDelegate.swift; sourceTree = "<group>"; };
		FC40901E1F76A81F00DBA4F9 /* ViewController.swift */ = {isa = PBXFileReference; lastKnownFileType = sourcecode.swift; path = ViewController.swift; sourceTree = "<group>"; };
		FC4090231F76A81F00DBA4F9 /* Assets.xcassets */ = {isa = PBXFileReference; lastKnownFileType = folder.assetcatalog; path = Assets.xcassets; sourceTree = "<group>"; };
		FC4090261F76A81F00DBA4F9 /* Base */ = {isa = PBXFileReference; lastKnownFileType = file.storyboard; name = Base; path = Base.lproj/LaunchScreen.storyboard; sourceTree = "<group>"; };
		FC4090281F76A81F00DBA4F9 /* Info.plist */ = {isa = PBXFileReference; lastKnownFileType = text.plist.xml; path = Info.plist; sourceTree = "<group>"; };
		FC4090301F76A8F100DBA4F9 /* TabBarController.swift */ = {isa = PBXFileReference; lastKnownFileType = sourcecode.swift; path = TabBarController.swift; sourceTree = "<group>"; };
		FC4090341F76AE2000DBA4F9 /* PickemViewController.swift */ = {isa = PBXFileReference; lastKnownFileType = sourcecode.swift; path = PickemViewController.swift; sourceTree = "<group>"; };
/* End PBXFileReference section */

/* Begin PBXFrameworksBuildPhase section */
		FC4090161F76A81F00DBA4F9 /* Frameworks */ = {
			isa = PBXFrameworksBuildPhase;
			buildActionMask = 2147483647;
			files = (
				25A0ACE5C11A7A43200F06F3 /* Pods_nfl_weekly_pickem.framework in Frameworks */,
			);
			runOnlyForDeploymentPostprocessing = 0;
		};
/* End PBXFrameworksBuildPhase section */

/* Begin PBXGroup section */
		557686CF2BE57ED245143633 /* Frameworks */ = {
			isa = PBXGroup;
			children = (
				1A3A2165787DCC53C2D3346F /* Pods_nfl_weekly_pickem.framework */,
			);
			name = Frameworks;
			sourceTree = "<group>";
		};
		F6E82D39A8BF419A627E4161 /* Pods */ = {
			isa = PBXGroup;
			children = (
				32668112C5A0234B8752E22D /* Pods-nfl_weekly_pickem.debug.xcconfig */,
				F9541FAC9AD653EC0CCBFA18 /* Pods-nfl_weekly_pickem.release.xcconfig */,
			);
			name = Pods;
			sourceTree = "<group>";
		};
		FC4090101F76A81F00DBA4F9 = {
			isa = PBXGroup;
			children = (
				FC40901B1F76A81F00DBA4F9 /* nfl_weekly_pickem */,
				FC40901A1F76A81F00DBA4F9 /* Products */,
				F6E82D39A8BF419A627E4161 /* Pods */,
				557686CF2BE57ED245143633 /* Frameworks */,
			);
			sourceTree = "<group>";
		};
		FC40901A1F76A81F00DBA4F9 /* Products */ = {
			isa = PBXGroup;
			children = (
				FC4090191F76A81F00DBA4F9 /* nfl_weekly_pickem.app */,
			);
			name = Products;
			sourceTree = "<group>";
		};
		FC40901B1F76A81F00DBA4F9 /* nfl_weekly_pickem */ = {
			isa = PBXGroup;
			children = (
				FC40902E1F76A8D000DBA4F9 /* App */,
				FC40901C1F76A81F00DBA4F9 /* AppDelegate.swift */,
				FC40901E1F76A81F00DBA4F9 /* ViewController.swift */,
				FC4090231F76A81F00DBA4F9 /* Assets.xcassets */,
				FC4090251F76A81F00DBA4F9 /* LaunchScreen.storyboard */,
				FC4090281F76A81F00DBA4F9 /* Info.plist */,
			);
			path = nfl_weekly_pickem;
			sourceTree = "<group>";
		};
		FC40902E1F76A8D000DBA4F9 /* App */ = {
			isa = PBXGroup;
			children = (
				FC4090321F76ADFA00DBA4F9 /* ViewControllers */,
				FC40902F1F76A8D800DBA4F9 /* TabBarController */,
			);
			path = App;
			sourceTree = "<group>";
		};
		FC40902F1F76A8D800DBA4F9 /* TabBarController */ = {
			isa = PBXGroup;
			children = (
				FC4090301F76A8F100DBA4F9 /* TabBarController.swift */,
			);
			path = TabBarController;
			sourceTree = "<group>";
		};
		FC4090321F76ADFA00DBA4F9 /* ViewControllers */ = {
			isa = PBXGroup;
			children = (
				FC4090331F76AE0B00DBA4F9 /* PickemViewControllers */,
			);
			path = ViewControllers;
			sourceTree = "<group>";
		};
		FC4090331F76AE0B00DBA4F9 /* PickemViewControllers */ = {
			isa = PBXGroup;
			children = (
				FC4090341F76AE2000DBA4F9 /* PickemViewController.swift */,
			);
			path = PickemViewControllers;
			sourceTree = "<group>";
		};
/* End PBXGroup section */

/* Begin PBXNativeTarget section */
		FC4090181F76A81F00DBA4F9 /* nfl_weekly_pickem */ = {
			isa = PBXNativeTarget;
			buildConfigurationList = FC40902B1F76A81F00DBA4F9 /* Build configuration list for PBXNativeTarget "nfl_weekly_pickem" */;
			buildPhases = (
				323CBEE09CD83F2F6BA0AE94 /* [CP] Check Pods Manifest.lock */,
				FC4090151F76A81F00DBA4F9 /* Sources */,
				FC4090161F76A81F00DBA4F9 /* Frameworks */,
				FC4090171F76A81F00DBA4F9 /* Resources */,
				209737E46D1565889FDE7B2D /* [CP] Embed Pods Frameworks */,
				23A7F491B3315F20A539AF23 /* [CP] Copy Pods Resources */,
			);
			buildRules = (
			);
			dependencies = (
			);
			name = nfl_weekly_pickem;
			productName = nfl_weekly_pickem;
			productReference = FC4090191F76A81F00DBA4F9 /* nfl_weekly_pickem.app */;
			productType = "com.apple.product-type.application";
		};
/* End PBXNativeTarget section */

/* Begin PBXProject section */
		FC4090111F76A81F00DBA4F9 /* Project object */ = {
			isa = PBXProject;
			attributes = {
				LastSwiftUpdateCheck = 0900;
				LastUpgradeCheck = 0900;
				ORGANIZATIONNAME = "Jonathan Cravotta";
				TargetAttributes = {
					FC4090181F76A81F00DBA4F9 = {
						CreatedOnToolsVersion = 9.0;
						ProvisioningStyle = Automatic;
					};
				};
			};
			buildConfigurationList = FC4090141F76A81F00DBA4F9 /* Build configuration list for PBXProject "nfl_weekly_pickem" */;
			compatibilityVersion = "Xcode 8.0";
			developmentRegion = en;
			hasScannedForEncodings = 0;
			knownRegions = (
				en,
				Base,
			);
			mainGroup = FC4090101F76A81F00DBA4F9;
			productRefGroup = FC40901A1F76A81F00DBA4F9 /* Products */;
			projectDirPath = "";
			projectRoot = "";
			targets = (
				FC4090181F76A81F00DBA4F9 /* nfl_weekly_pickem */,
			);
		};
/* End PBXProject section */

/* Begin PBXResourcesBuildPhase section */
		FC4090171F76A81F00DBA4F9 /* Resources */ = {
			isa = PBXResourcesBuildPhase;
			buildActionMask = 2147483647;
			files = (
				FC4090271F76A81F00DBA4F9 /* LaunchScreen.storyboard in Resources */,
				FC4090241F76A81F00DBA4F9 /* Assets.xcassets in Resources */,
			);
			runOnlyForDeploymentPostprocessing = 0;
		};
/* End PBXResourcesBuildPhase section */

/* Begin PBXShellScriptBuildPhase section */
		209737E46D1565889FDE7B2D /* [CP] Embed Pods Frameworks */ = {
			isa = PBXShellScriptBuildPhase;
			buildActionMask = 2147483647;
			files = (
			);
			inputPaths = (
				"${SRCROOT}/Pods/Target Support Files/Pods-nfl_weekly_pickem/Pods-nfl_weekly_pickem-frameworks.sh",
				"${BUILT_PRODUCTS_DIR}/Koloda/Koloda.framework",
				"${BUILT_PRODUCTS_DIR}/pop/pop.framework",
			);
			name = "[CP] Embed Pods Frameworks";
			outputPaths = (
				"${TARGET_BUILD_DIR}/${FRAMEWORKS_FOLDER_PATH}/Koloda.framework",
				"${TARGET_BUILD_DIR}/${FRAMEWORKS_FOLDER_PATH}/pop.framework",
			);
			runOnlyForDeploymentPostprocessing = 0;
			shellPath = /bin/sh;
			shellScript = "\"${SRCROOT}/Pods/Target Support Files/Pods-nfl_weekly_pickem/Pods-nfl_weekly_pickem-frameworks.sh\"\n";
			showEnvVarsInLog = 0;
		};
		23A7F491B3315F20A539AF23 /* [CP] Copy Pods Resources */ = {
			isa = PBXShellScriptBuildPhase;
			buildActionMask = 2147483647;
			files = (
			);
			inputPaths = (
			);
			name = "[CP] Copy Pods Resources";
			outputPaths = (
			);
			runOnlyForDeploymentPostprocessing = 0;
			shellPath = /bin/sh;
			shellScript = "\"${SRCROOT}/Pods/Target Support Files/Pods-nfl_weekly_pickem/Pods-nfl_weekly_pickem-resources.sh\"\n";
			showEnvVarsInLog = 0;
		};
		323CBEE09CD83F2F6BA0AE94 /* [CP] Check Pods Manifest.lock */ = {
			isa = PBXShellScriptBuildPhase;
			buildActionMask = 2147483647;
			files = (
			);
			inputPaths = (
				"${PODS_PODFILE_DIR_PATH}/Podfile.lock",
				"${PODS_ROOT}/Manifest.lock",
			);
			name = "[CP] Check Pods Manifest.lock";
			outputPaths = (
				"$(DERIVED_FILE_DIR)/Pods-nfl_weekly_pickem-checkManifestLockResult.txt",
			);
			runOnlyForDeploymentPostprocessing = 0;
			shellPath = /bin/sh;
			shellScript = "diff \"${PODS_PODFILE_DIR_PATH}/Podfile.lock\" \"${PODS_ROOT}/Manifest.lock\" > /dev/null\nif [ $? != 0 ] ; then\n    # print error to STDERR\n    echo \"error: The sandbox is not in sync with the Podfile.lock. Run 'pod install' or update your CocoaPods installation.\" >&2\n    exit 1\nfi\n# This output is used by Xcode 'outputs' to avoid re-running this script phase.\necho \"SUCCESS\" > \"${SCRIPT_OUTPUT_FILE_0}\"\n";
			showEnvVarsInLog = 0;
		};
/* End PBXShellScriptBuildPhase section */

/* Begin PBXSourcesBuildPhase section */
		FC4090151F76A81F00DBA4F9 /* Sources */ = {
			isa = PBXSourcesBuildPhase;
			buildActionMask = 2147483647;
			files = (
				FC4090311F76A8F100DBA4F9 /* TabBarController.swift in Sources */,
				FC4090351F76AE2000DBA4F9 /* PickemViewController.swift in Sources */,
				FC40901F1F76A81F00DBA4F9 /* ViewController.swift in Sources */,
				FC40901D1F76A81F00DBA4F9 /* AppDelegate.swift in Sources */,
			);
			runOnlyForDeploymentPostprocessing = 0;
		};
/* End PBXSourcesBuildPhase section */

/* Begin PBXVariantGroup section */
		FC4090251F76A81F00DBA4F9 /* LaunchScreen.storyboard */ = {
			isa = PBXVariantGroup;
			children = (
				FC4090261F76A81F00DBA4F9 /* Base */,
			);
			name = LaunchScreen.storyboard;
			sourceTree = "<group>";
		};
/* End PBXVariantGroup section */

/* Begin XCBuildConfiguration section */
		FC4090291F76A81F00DBA4F9 /* Debug */ = {
			isa = XCBuildConfiguration;
			buildSettings = {
				ALWAYS_SEARCH_USER_PATHS = NO;
				CLANG_ANALYZER_NONNULL = YES;
				CLANG_ANALYZER_NUMBER_OBJECT_CONVERSION = YES_AGGRESSIVE;
				CLANG_CXX_LANGUAGE_STANDARD = "gnu++14";
				CLANG_CXX_LIBRARY = "libc++";
				CLANG_ENABLE_MODULES = YES;
				CLANG_ENABLE_OBJC_ARC = YES;
				CLANG_WARN_BLOCK_CAPTURE_AUTORELEASING = YES;
				CLANG_WARN_BOOL_CONVERSION = YES;
				CLANG_WARN_COMMA = YES;
				CLANG_WARN_CONSTANT_CONVERSION = YES;
				CLANG_WARN_DIRECT_OBJC_ISA_USAGE = YES_ERROR;
				CLANG_WARN_DOCUMENTATION_COMMENTS = YES;
				CLANG_WARN_EMPTY_BODY = YES;
				CLANG_WARN_ENUM_CONVERSION = YES;
				CLANG_WARN_INFINITE_RECURSION = YES;
				CLANG_WARN_INT_CONVERSION = YES;
				CLANG_WARN_NON_LITERAL_NULL_CONVERSION = YES;
				CLANG_WARN_OBJC_LITERAL_CONVERSION = YES;
				CLANG_WARN_OBJC_ROOT_CLASS = YES_ERROR;
				CLANG_WARN_RANGE_LOOP_ANALYSIS = YES;
				CLANG_WARN_STRICT_PROTOTYPES = YES;
				CLANG_WARN_SUSPICIOUS_MOVE = YES;
				CLANG_WARN_UNGUARDED_AVAILABILITY = YES_AGGRESSIVE;
				CLANG_WARN_UNREACHABLE_CODE = YES;
				CLANG_WARN__DUPLICATE_METHOD_MATCH = YES;
				CODE_SIGN_IDENTITY = "iPhone Developer";
				COPY_PHASE_STRIP = NO;
				DEBUG_INFORMATION_FORMAT = dwarf;
				ENABLE_STRICT_OBJC_MSGSEND = YES;
				ENABLE_TESTABILITY = YES;
				GCC_C_LANGUAGE_STANDARD = gnu11;
				GCC_DYNAMIC_NO_PIC = NO;
				GCC_NO_COMMON_BLOCKS = YES;
				GCC_OPTIMIZATION_LEVEL = 0;
				GCC_PREPROCESSOR_DEFINITIONS = (
					"DEBUG=1",
					"$(inherited)",
				);
				GCC_WARN_64_TO_32_BIT_CONVERSION = YES;
				GCC_WARN_ABOUT_RETURN_TYPE = YES_ERROR;
				GCC_WARN_UNDECLARED_SELECTOR = YES;
				GCC_WARN_UNINITIALIZED_AUTOS = YES_AGGRESSIVE;
				GCC_WARN_UNUSED_FUNCTION = YES;
				GCC_WARN_UNUSED_VARIABLE = YES;
				IPHONEOS_DEPLOYMENT_TARGET = 11.0;
				MTL_ENABLE_DEBUG_INFO = YES;
				ONLY_ACTIVE_ARCH = YES;
				SDKROOT = iphoneos;
				SWIFT_ACTIVE_COMPILATION_CONDITIONS = DEBUG;
				SWIFT_OPTIMIZATION_LEVEL = "-Onone";
			};
			name = Debug;
		};
		FC40902A1F76A81F00DBA4F9 /* Release */ = {
			isa = XCBuildConfiguration;
			buildSettings = {
				ALWAYS_SEARCH_USER_PATHS = NO;
				CLANG_ANALYZER_NONNULL = YES;
				CLANG_ANALYZER_NUMBER_OBJECT_CONVERSION = YES_AGGRESSIVE;
				CLANG_CXX_LANGUAGE_STANDARD = "gnu++14";
				CLANG_CXX_LIBRARY = "libc++";
				CLANG_ENABLE_MODULES = YES;
				CLANG_ENABLE_OBJC_ARC = YES;
				CLANG_WARN_BLOCK_CAPTURE_AUTORELEASING = YES;
				CLANG_WARN_BOOL_CONVERSION = YES;
				CLANG_WARN_COMMA = YES;
				CLANG_WARN_CONSTANT_CONVERSION = YES;
				CLANG_WARN_DIRECT_OBJC_ISA_USAGE = YES_ERROR;
				CLANG_WARN_DOCUMENTATION_COMMENTS = YES;
				CLANG_WARN_EMPTY_BODY = YES;
				CLANG_WARN_ENUM_CONVERSION = YES;
				CLANG_WARN_INFINITE_RECURSION = YES;
				CLANG_WARN_INT_CONVERSION = YES;
				CLANG_WARN_NON_LITERAL_NULL_CONVERSION = YES;
				CLANG_WARN_OBJC_LITERAL_CONVERSION = YES;
				CLANG_WARN_OBJC_ROOT_CLASS = YES_ERROR;
				CLANG_WARN_RANGE_LOOP_ANALYSIS = YES;
				CLANG_WARN_STRICT_PROTOTYPES = YES;
				CLANG_WARN_SUSPICIOUS_MOVE = YES;
				CLANG_WARN_UNGUARDED_AVAILABILITY = YES_AGGRESSIVE;
				CLANG_WARN_UNREACHABLE_CODE = YES;
				CLANG_WARN__DUPLICATE_METHOD_MATCH = YES;
				CODE_SIGN_IDENTITY = "iPhone Developer";
				COPY_PHASE_STRIP = NO;
				DEBUG_INFORMATION_FORMAT = "dwarf-with-dsym";
				ENABLE_NS_ASSERTIONS = NO;
				ENABLE_STRICT_OBJC_MSGSEND = YES;
				GCC_C_LANGUAGE_STANDARD = gnu11;
				GCC_NO_COMMON_BLOCKS = YES;
				GCC_WARN_64_TO_32_BIT_CONVERSION = YES;
				GCC_WARN_ABOUT_RETURN_TYPE = YES_ERROR;
				GCC_WARN_UNDECLARED_SELECTOR = YES;
				GCC_WARN_UNINITIALIZED_AUTOS = YES_AGGRESSIVE;
				GCC_WARN_UNUSED_FUNCTION = YES;
				GCC_WARN_UNUSED_VARIABLE = YES;
				IPHONEOS_DEPLOYMENT_TARGET = 11.0;
				MTL_ENABLE_DEBUG_INFO = NO;
				SDKROOT = iphoneos;
				SWIFT_OPTIMIZATION_LEVEL = "-Owholemodule";
				VALIDATE_PRODUCT = YES;
			};
			name = Release;
		};
		FC40902C1F76A81F00DBA4F9 /* Debug */ = {
			isa = XCBuildConfiguration;
			baseConfigurationReference = 32668112C5A0234B8752E22D /* Pods-nfl_weekly_pickem.debug.xcconfig */;
			buildSettings = {
				ASSETCATALOG_COMPILER_APPICON_NAME = AppIcon;
				CODE_SIGN_STYLE = Automatic;
				DEVELOPMENT_TEAM = MW3VV3UQR6;
				INFOPLIST_FILE = nfl_weekly_pickem/Info.plist;
				IPHONEOS_DEPLOYMENT_TARGET = 11.0;
				LD_RUNPATH_SEARCH_PATHS = "$(inherited) @executable_path/Frameworks";
				PRODUCT_BUNDLE_IDENTIFIER = "cleverbureau.nfl-weekly-pickem";
				PRODUCT_NAME = "$(TARGET_NAME)";
				SWIFT_VERSION = 4.0;
				TARGETED_DEVICE_FAMILY = "1,2";
			};
			name = Debug;
		};
		FC40902D1F76A81F00DBA4F9 /* Release */ = {
			isa = XCBuildConfiguration;
			baseConfigurationReference = F9541FAC9AD653EC0CCBFA18 /* Pods-nfl_weekly_pickem.release.xcconfig */;
			buildSettings = {
				ASSETCATALOG_COMPILER_APPICON_NAME = AppIcon;
				CODE_SIGN_STYLE = Automatic;
				DEVELOPMENT_TEAM = MW3VV3UQR6;
				INFOPLIST_FILE = nfl_weekly_pickem/Info.plist;
				IPHONEOS_DEPLOYMENT_TARGET = 11.0;
				LD_RUNPATH_SEARCH_PATHS = "$(inherited) @executable_path/Frameworks";
				PRODUCT_BUNDLE_IDENTIFIER = "cleverbureau.nfl-weekly-pickem";
				PRODUCT_NAME = "$(TARGET_NAME)";
				SWIFT_VERSION = 4.0;
				TARGETED_DEVICE_FAMILY = "1,2";
			};
			name = Release;
		};
/* End XCBuildConfiguration section */

/* Begin XCConfigurationList section */
		FC4090141F76A81F00DBA4F9 /* Build configuration list for PBXProject "nfl_weekly_pickem" */ = {
			isa = XCConfigurationList;
			buildConfigurations = (
				FC4090291F76A81F00DBA4F9 /* Debug */,
				FC40902A1F76A81F00DBA4F9 /* Release */,
			);
			defaultConfigurationIsVisible = 0;
			defaultConfigurationName = Release;
		};
		FC40902B1F76A81F00DBA4F9 /* Build configuration list for PBXNativeTarget "nfl_weekly_pickem" */ = {
			isa = XCConfigurationList;
			buildConfigurations = (
				FC40902C1F76A81F00DBA4F9 /* Debug */,
				FC40902D1F76A81F00DBA4F9 /* Release */,
			);
			defaultConfigurationIsVisible = 0;
			defaultConfigurationName = Release;
		};
/* End XCConfigurationList section */
	};
	rootObject = FC4090111F76A81F00DBA4F9 /* Project object */;
}
